
Microsoft Visual Studio Solution File, Format Version 12.00
# Visual Studio Version 17
VisualStudioVersion = 17.11.35303.130
MinimumVisualStudioVersion = 10.0.40219.1
Project("{2150E333-8FDC-42A3-9474-1A3956D46DE8}") = "src", "src", "{CA375A16-ABD7-40AE-8A76-4C0162FCF110}"
EndProject
Project("{2150E333-8FDC-42A3-9474-1A3956D46DE8}") = "Testes", "Testes", "{7A068321-8A0D-4D10-9F22-34A7089C5E87}"
EndProject
Project("{FAE04EC0-301F-11D3-BF4B-00C04F79EFBC}") = "DesafioDIOTestes.Console", "DesafioDIOTestes.Console\DesafioDIOTestes.Console.csproj", "{01B91147-0105-46F8-8650-8C553CCE3E12}"
EndProject
Project("{FAE04EC0-301F-11D3-BF4B-00C04F79EFBC}") = "DesafioDIOTestes.Testes", "DesafioDIOTestes.Testes\DesafioDIOTestes.Testes.csproj", "{12429974-D8ED-4F21-AA97-5DF14618D7F9}"
EndProject
Global
	GlobalSection(SolutionConfigurationPlatforms) = preSolution
		Debug|Any CPU = Debug|Any CPU
		Release|Any CPU = Release|Any CPU
	EndGlobalSection
	GlobalSection(ProjectConfigurationPlatforms) = postSolution
		{01B91147-0105-46F8-8650-8C553CCE3E12}.Debug|Any CPU.ActiveCfg = Debug|Any CPU
		{01B91147-0105-46F8-8650-8C553CCE3E12}.Debug|Any CPU.Build.0 = Debug|Any CPU
		{01B91147-0105-46F8-8650-8C553CCE3E12}.Release|Any CPU.ActiveCfg = Release|Any CPU
		{01B91147-0105-46F8-8650-8C553CCE3E12}.Release|Any CPU.Build.0 = Release|Any CPU
		{12429974-D8ED-4F21-AA97-5DF14618D7F9}.Debug|Any CPU.ActiveCfg = Debug|Any CPU
		{12429974-D8ED-4F21-AA97-5DF14618D7F9}.Debug|Any CPU.Build.0 = Debug|Any CPU
		{12429974-D8ED-4F21-AA97-5DF14618D7F9}.Release|Any CPU.ActiveCfg = Release|Any CPU
		{12429974-D8ED-4F21-AA97-5DF14618D7F9}.Release|Any CPU.Build.0 = Release|Any CPU
	EndGlobalSection
	GlobalSection(SolutionProperties) = preSolution
		HideSolutionNode = FALSE
	EndGlobalSection
	GlobalSection(NestedProjects) = preSolution
		{01B91147-0105-46F8-8650-8C553CCE3E12} = {CA375A16-ABD7-40AE-8A76-4C0162FCF110}
		{12429974-D8ED-4F21-AA97-5DF14618D7F9} = {7A068321-8A0D-4D10-9F22-34A7089C5E87}
	EndGlobalSection
	GlobalSection(ExtensibilityGlobals) = postSolution
		SolutionGuid = {F8E035A0-EAEF-4C22-8020-0A76A998FF99}
	EndGlobalSection
EndGlobal
